
Microsoft Visual Studio Solution File, Format Version 12.00
# Visual Studio Version 16
VisualStudioVersion = 16.0.30011.22
MinimumVisualStudioVersion = 10.0.40219.1
Project("{FAE04EC0-301F-11D3-BF4B-00C04F79EFBC}") = "SymuLearnAndForget", "SymuLearnAndForget\SymuLearnAndForget.csproj", "{BA04CB16-3CB0-43B1-B366-13AC620CF759}"
EndProject
Project("{FAE04EC0-301F-11D3-BF4B-00C04F79EFBC}") = "SymuMessageAndTask", "SymuMessageAndTask\SymuMessageAndTask.csproj", "{998C00B3-6A46-41D7-9140-57E1D07A7B6D}"
EndProject
Project("{FAE04EC0-301F-11D3-BF4B-00C04F79EFBC}") = "SymuBeliefsAndInfluence", "SymuBeliefsAndInfluence\SymuBeliefsAndInfluence.csproj", "{AA40F11A-3717-45C4-B33B-9050DA4FE099}"
EndProject
Project("{FAE04EC0-301F-11D3-BF4B-00C04F79EFBC}") = "SymuGroupAndInteraction", "SymuGroupAndInteraction\SymuGroupAndInteraction.csproj", "{7FB89272-EBE0-42FC-8DCC-84E09DCBBC44}"
EndProject
Project("{FAE04EC0-301F-11D3-BF4B-00C04F79EFBC}") = "SymuMurphiesAndBlockers", "SymuMurphiesAndBlockers\SymuMurphiesAndBlockers.csproj", "{0E46B714-934F-4B9F-85A6-B42F9F1A9AB2}"
EndProject
Project("{FAE04EC0-301F-11D3-BF4B-00C04F79EFBC}") = "SymuScenariosAndEvents", "SymuScenariosAndEvents\SymuScenariosAndEvents.csproj", "{5E1F9690-2B9C-4354-9AD7-9D9CD873965B}"
EndProject
Project("{9A19103F-16F7-4668-BE54-9A1E7A4F7556}") = "SymuExamplesTests", "SymuExamplesTests\SymuExamplesTests.csproj", "{6B9E7E02-305D-4C94-B88E-42E403A2F307}"
EndProject
Global
	GlobalSection(SolutionConfigurationPlatforms) = preSolution
		Debug|Any CPU = Debug|Any CPU
		Release|Any CPU = Release|Any CPU
	EndGlobalSection
	GlobalSection(ProjectConfigurationPlatforms) = postSolution
		{BA04CB16-3CB0-43B1-B366-13AC620CF759}.Debug|Any CPU.ActiveCfg = Debug|Any CPU
		{BA04CB16-3CB0-43B1-B366-13AC620CF759}.Debug|Any CPU.Build.0 = Debug|Any CPU
		{BA04CB16-3CB0-43B1-B366-13AC620CF759}.Release|Any CPU.ActiveCfg = Release|Any CPU
		{BA04CB16-3CB0-43B1-B366-13AC620CF759}.Release|Any CPU.Build.0 = Release|Any CPU
		{998C00B3-6A46-41D7-9140-57E1D07A7B6D}.Debug|Any CPU.ActiveCfg = Debug|Any CPU
		{998C00B3-6A46-41D7-9140-57E1D07A7B6D}.Debug|Any CPU.Build.0 = Debug|Any CPU
		{998C00B3-6A46-41D7-9140-57E1D07A7B6D}.Release|Any CPU.ActiveCfg = Release|Any CPU
		{998C00B3-6A46-41D7-9140-57E1D07A7B6D}.Release|Any CPU.Build.0 = Release|Any CPU
		{AA40F11A-3717-45C4-B33B-9050DA4FE099}.Debug|Any CPU.ActiveCfg = Debug|Any CPU
		{AA40F11A-3717-45C4-B33B-9050DA4FE099}.Debug|Any CPU.Build.0 = Debug|Any CPU
		{AA40F11A-3717-45C4-B33B-9050DA4FE099}.Release|Any CPU.ActiveCfg = Release|Any CPU
		{AA40F11A-3717-45C4-B33B-9050DA4FE099}.Release|Any CPU.Build.0 = Release|Any CPU
		{7FB89272-EBE0-42FC-8DCC-84E09DCBBC44}.Debug|Any CPU.ActiveCfg = Debug|Any CPU
		{7FB89272-EBE0-42FC-8DCC-84E09DCBBC44}.Debug|Any CPU.Build.0 = Debug|Any CPU
		{7FB89272-EBE0-42FC-8DCC-84E09DCBBC44}.Release|Any CPU.ActiveCfg = Release|Any CPU
		{7FB89272-EBE0-42FC-8DCC-84E09DCBBC44}.Release|Any CPU.Build.0 = Release|Any CPU
		{0E46B714-934F-4B9F-85A6-B42F9F1A9AB2}.Debug|Any CPU.ActiveCfg = Debug|Any CPU
		{0E46B714-934F-4B9F-85A6-B42F9F1A9AB2}.Debug|Any CPU.Build.0 = Debug|Any CPU
		{0E46B714-934F-4B9F-85A6-B42F9F1A9AB2}.Release|Any CPU.ActiveCfg = Release|Any CPU
		{0E46B714-934F-4B9F-85A6-B42F9F1A9AB2}.Release|Any CPU.Build.0 = Release|Any CPU
		{5E1F9690-2B9C-4354-9AD7-9D9CD873965B}.Debug|Any CPU.ActiveCfg = Debug|Any CPU
		{5E1F9690-2B9C-4354-9AD7-9D9CD873965B}.Debug|Any CPU.Build.0 = Debug|Any CPU
		{5E1F9690-2B9C-4354-9AD7-9D9CD873965B}.Release|Any CPU.ActiveCfg = Release|Any CPU
		{5E1F9690-2B9C-4354-9AD7-9D9CD873965B}.Release|Any CPU.Build.0 = Release|Any CPU
		{6B9E7E02-305D-4C94-B88E-42E403A2F307}.Debug|Any CPU.ActiveCfg = Debug|Any CPU
		{6B9E7E02-305D-4C94-B88E-42E403A2F307}.Debug|Any CPU.Build.0 = Debug|Any CPU
		{6B9E7E02-305D-4C94-B88E-42E403A2F307}.Release|Any CPU.ActiveCfg = Release|Any CPU
		{6B9E7E02-305D-4C94-B88E-42E403A2F307}.Release|Any CPU.Build.0 = Release|Any CPU
	EndGlobalSection
	GlobalSection(SolutionProperties) = preSolution
		HideSolutionNode = FALSE
	EndGlobalSection
	GlobalSection(ExtensibilityGlobals) = postSolution
		SolutionGuid = {F00944D1-83EF-4E6C-BDD2-784EC80CE225}
	EndGlobalSection
EndGlobal
