
Microsoft Visual Studio Solution File, Format Version 12.00
# Visual Studio Version 16
VisualStudioVersion = 16.0.30611.23
MinimumVisualStudioVersion = 10.0.40219.1
Project("{FAE04EC0-301F-11D3-BF4B-00C04F79EFBC}") = "SymuExamples", "SymuExamples.csproj", "{AA40F11A-3717-45C4-B33B-9050DA4FE099}"
EndProject
Global
	GlobalSection(SolutionConfigurationPlatforms) = preSolution
		Debug|Any CPU = Debug|Any CPU
		Release|Any CPU = Release|Any CPU
	EndGlobalSection
	GlobalSection(ProjectConfigurationPlatforms) = postSolution
		{AA40F11A-3717-45C4-B33B-9050DA4FE099}.Debug|Any CPU.ActiveCfg = Debug|Any CPU
		{AA40F11A-3717-45C4-B33B-9050DA4FE099}.Debug|Any CPU.Build.0 = Debug|Any CPU
		{AA40F11A-3717-45C4-B33B-9050DA4FE099}.Release|Any CPU.ActiveCfg = Release|Any CPU
		{AA40F11A-3717-45C4-B33B-9050DA4FE099}.Release|Any CPU.Build.0 = Release|Any CPU
	EndGlobalSection
	GlobalSection(SolutionProperties) = preSolution
		HideSolutionNode = FALSE
	EndGlobalSection
	GlobalSection(ExtensibilityGlobals) = postSolution
		SolutionGuid = {6C9E83B7-2668-435D-952F-6E0587391080}
	EndGlobalSection
EndGlobal
