
Microsoft Visual Studio Solution File, Format Version 12.00
# Visual Studio Version 16
VisualStudioVersion = 16.0.30011.22
MinimumVisualStudioVersion = 10.0.40219.1
Project("{2150E333-8FDC-42A3-9474-1A3956D46DE8}") = "Docs", "Docs", "{221F316E-1444-4BD3-BA23-132C94A17F9D}"
	ProjectSection(SolutionItems) = preProject
		..\CHANGELOG.md = ..\CHANGELOG.md
		..\CODE_OF_CONDUCT.md = ..\CODE_OF_CONDUCT.md
		..\CONTRIBUTING.md = ..\CONTRIBUTING.md
		..\CONTRIBUTORS.md = ..\CONTRIBUTORS.md
		..\FAQ.md = ..\FAQ.md
		..\README.md = ..\README.md
		..\RELEASENOTES.md = ..\RELEASENOTES.md
		..\ROADMAP.md = ..\ROADMAP.md
	EndProjectSection
EndProject
Project("{9A19103F-16F7-4668-BE54-9A1E7A4F7556}") = "Symu", "Symu\Symu.csproj", "{528C350A-0EAA-4A57-9940-EEFFFB8F7AC2}"
EndProject
Project("{9A19103F-16F7-4668-BE54-9A1E7A4F7556}") = "SymuTests", "SymuTests\SymuTests.csproj", "{A2CCA960-1021-4230-9D47-2FF4D0A1E27A}"
EndProject
Project("{9A19103F-16F7-4668-BE54-9A1E7A4F7556}") = "SymuForm", "SymuForm\SymuForm.csproj", "{BEEBE0EF-EABD-4DA6-A57E-9BB7D57F8165}"
EndProject
Global
	GlobalSection(SolutionConfigurationPlatforms) = preSolution
		Debug|Any CPU = Debug|Any CPU
		Release|Any CPU = Release|Any CPU
	EndGlobalSection
	GlobalSection(ProjectConfigurationPlatforms) = postSolution
		{528C350A-0EAA-4A57-9940-EEFFFB8F7AC2}.Debug|Any CPU.ActiveCfg = Debug|Any CPU
		{528C350A-0EAA-4A57-9940-EEFFFB8F7AC2}.Debug|Any CPU.Build.0 = Debug|Any CPU
		{528C350A-0EAA-4A57-9940-EEFFFB8F7AC2}.Release|Any CPU.ActiveCfg = Release|Any CPU
		{528C350A-0EAA-4A57-9940-EEFFFB8F7AC2}.Release|Any CPU.Build.0 = Release|Any CPU
		{A2CCA960-1021-4230-9D47-2FF4D0A1E27A}.Debug|Any CPU.ActiveCfg = Debug|Any CPU
		{A2CCA960-1021-4230-9D47-2FF4D0A1E27A}.Debug|Any CPU.Build.0 = Debug|Any CPU
		{A2CCA960-1021-4230-9D47-2FF4D0A1E27A}.Release|Any CPU.ActiveCfg = Release|Any CPU
		{A2CCA960-1021-4230-9D47-2FF4D0A1E27A}.Release|Any CPU.Build.0 = Release|Any CPU
		{BEEBE0EF-EABD-4DA6-A57E-9BB7D57F8165}.Debug|Any CPU.ActiveCfg = Debug|Any CPU
		{BEEBE0EF-EABD-4DA6-A57E-9BB7D57F8165}.Debug|Any CPU.Build.0 = Debug|Any CPU
		{BEEBE0EF-EABD-4DA6-A57E-9BB7D57F8165}.Release|Any CPU.ActiveCfg = Release|Any CPU
		{BEEBE0EF-EABD-4DA6-A57E-9BB7D57F8165}.Release|Any CPU.Build.0 = Release|Any CPU
	EndGlobalSection
	GlobalSection(SolutionProperties) = preSolution
		HideSolutionNode = FALSE
	EndGlobalSection
	GlobalSection(ExtensibilityGlobals) = postSolution
		SolutionGuid = {C3A74494-B5EE-413E-A548-C89155884F06}
	EndGlobalSection
EndGlobal
